# This file was autogenerated by Stack.
# You should not edit this file by hand.
# For more information, please see the documentation at:
#   https://docs.haskellstack.org/en/stable/lock_files

packages:
- completed:
    hackage: MissingH-1.4.3.0@sha256:32f9892ec98cd21df4f4d3ed8d95a3831ae74287ea0641d6f09b2dc6ef061d39,4859
    pantry-tree:
      size: 5271
      sha256: 6cd6a7213615d72a7db3234c7fcd4346ceb4889bc8fb14b302b5878768018fcd
  original:
    hackage: MissingH-1.4.3.0@sha256:32f9892ec98cd21df4f4d3ed8d95a3831ae74287ea0641d6f09b2dc6ef061d39,4859
- completed:
    hackage: html-parse-0.2.0.2@sha256:4f4c1800d5630f94d26ec9c4d63bdba36d3d94cc047f13ef670e5be674982cab,3898
    pantry-tree:
      size: 516
      sha256: b8bb79ce57d2b22176a185f6aee0667f334361e358ac65e9738cbbf8e144cf25
  original:
    hackage: html-parse-0.2.0.2@sha256:4f4c1800d5630f94d26ec9c4d63bdba36d3d94cc047f13ef670e5be674982cab,3898
- completed:
    hackage: twitch-0.1.7.2@sha256:146a887da4d2d21e489ff823a6058add40c1f9c5ee8e0d00356b497092c9c624,2988
    pantry-tree:
      size: 1138
      sha256: 7e4db8b9ef3e634e68d68155901a7c3affb873b3cf9a9dca4dcc0ebb4b6eb527
  original:
    hackage: twitch-0.1.7.2@sha256:146a887da4d2d21e489ff823a6058add40c1f9c5ee8e0d00356b497092c9c624,2988
- completed:
    hackage: random-1.1@sha256:7b67624fd76ddf97c206de0801dc7e888097e9d572974be9b9ea6551d76965df,1777
    pantry-tree:
      size: 637
      sha256: 14a1b01728c5584e87c9fa00746a66e28ffd89dd2c0eabd334c8463953496e1b
  original:
    hackage: random-1.1@sha256:7b67624fd76ddf97c206de0801dc7e888097e9d572974be9b9ea6551d76965df,1777
snapshots:
- completed:
    size: 587819
    url: https://raw.githubusercontent.com/commercialhaskell/stackage-snapshots/master/lts/18/23.yaml
    sha256: 7f69bb29a57495586e7e3ed31ecc59c0d2c959cb23bd52b71ca676f254c9beb1
  original: lts-18.23
